
Microsoft Visual Studio Solution File, Format Version 11.00
# Visual Studio 2010
Project("{2150E333-8FDC-42A3-9474-1A3956D46DE8}") = "Solution Items", "Solution Items", "{1C4F6817-5B84-4686-9F69-9BE494E3BE3B}"
	ProjectSection(SolutionItems) = preProject
		ReadMe.txt = ReadMe.txt
	EndProjectSection
EndProject
Project("{8BC9CEB8-8B4A-11D0-8D11-00A0C91BC942}") = "MidPointPasswordFilter", "MidPointPasswordFilter\MidPointPasswordFilter.vcxproj", "{9A812D99-1630-47FE-8E21-B46C2188F1A6}"
EndProject
Project("{8BC9CEB8-8B4A-11D0-8D11-00A0C91BC942}") = "MidPointPasswordFilterEncryptor", "MidPointPasswordFilterEncryptor\MidPointPasswordFilterEncryptor.vcxproj", "{0B2F127B-35D4-488F-9589-A379FDFA043C}"
EndProject
Project("{FAE04EC0-301F-11D3-BF4B-00C04F79EFBC}") = "MidPointPasswordFilterProcessor", "MidPointPasswordFilterProcessor\MidPointPasswordFilterProcessor.csproj", "{105B6A41-C64C-468F-B8EC-A4749F6B9DB1}"
EndProject
Project("{54435603-DBB4-11D2-8724-00A0C9A8B90C}") = "MidPointPasswordFilterInstaller", "MidPointPasswordFilterInstaller\MidPointPasswordFilterInstaller.vdproj", "{1B2EC599-E79E-4B49-B332-589167963199}"
EndProject
Project("{2150E333-8FDC-42A3-9474-1A3956D46DE8}") = "Setup", "Setup", "{88F508D3-C235-4B87-BCCB-AEFBFF07705B}"
EndProject
Project("{FAE04EC0-301F-11D3-BF4B-00C04F79EFBC}") = "MidPointPasswordFilterInstaller.CustomInstaller", "MidPointPasswordFilterInstaller.CustomInstaller\MidPointPasswordFilterInstaller.CustomInstaller.csproj", "{D385ABFF-DE62-4EB8-8A49-40FCF62BEE53}"
EndProject
Project("{54435603-DBB4-11D2-8724-00A0C9A8B90C}") = "MidPointPasswordFilterInstaller(x64)", "MidPointPasswordFilterInstaller(x64)\MidPointPasswordFilterInstaller(x64).vdproj", "{E5746BE0-FF83-4BAC-9942-0D286A1598A9}"
EndProject
Global
	GlobalSection(SubversionScc) = preSolution
		Svn-Managed = True
		Manager = AnkhSVN - Subversion Support for Visual Studio
	EndGlobalSection
	GlobalSection(SolutionConfigurationPlatforms) = preSolution
		Debug|Any CPU = Debug|Any CPU
		Debug|Mixed Platforms = Debug|Mixed Platforms
		Debug|Win32 = Debug|Win32
		Debug|x64 = Debug|x64
		Debug|x86 = Debug|x86
		Release|Any CPU = Release|Any CPU
		Release|Mixed Platforms = Release|Mixed Platforms
		Release|Win32 = Release|Win32
		Release|x64 = Release|x64
		Release|x86 = Release|x86
	EndGlobalSection
	GlobalSection(ProjectConfigurationPlatforms) = postSolution
		{9A812D99-1630-47FE-8E21-B46C2188F1A6}.Debug|Any CPU.ActiveCfg = Debug|Win32
		{9A812D99-1630-47FE-8E21-B46C2188F1A6}.Debug|Mixed Platforms.ActiveCfg = Debug|x64
		{9A812D99-1630-47FE-8E21-B46C2188F1A6}.Debug|Mixed Platforms.Build.0 = Debug|x64
		{9A812D99-1630-47FE-8E21-B46C2188F1A6}.Debug|Win32.ActiveCfg = Debug|Win32
		{9A812D99-1630-47FE-8E21-B46C2188F1A6}.Debug|Win32.Build.0 = Debug|Win32
		{9A812D99-1630-47FE-8E21-B46C2188F1A6}.Debug|x64.ActiveCfg = Debug|x64
		{9A812D99-1630-47FE-8E21-B46C2188F1A6}.Debug|x64.Build.0 = Debug|x64
		{9A812D99-1630-47FE-8E21-B46C2188F1A6}.Debug|x86.ActiveCfg = Debug|Win32
		{9A812D99-1630-47FE-8E21-B46C2188F1A6}.Debug|x86.Build.0 = Debug|Win32
		{9A812D99-1630-47FE-8E21-B46C2188F1A6}.Release|Any CPU.ActiveCfg = Release|Win32
		{9A812D99-1630-47FE-8E21-B46C2188F1A6}.Release|Mixed Platforms.ActiveCfg = Release|Win32
		{9A812D99-1630-47FE-8E21-B46C2188F1A6}.Release|Mixed Platforms.Build.0 = Release|Win32
		{9A812D99-1630-47FE-8E21-B46C2188F1A6}.Release|Win32.ActiveCfg = Release|Win32
		{9A812D99-1630-47FE-8E21-B46C2188F1A6}.Release|Win32.Build.0 = Release|Win32
		{9A812D99-1630-47FE-8E21-B46C2188F1A6}.Release|x64.ActiveCfg = Release|x64
		{9A812D99-1630-47FE-8E21-B46C2188F1A6}.Release|x86.ActiveCfg = Release|Win32
		{9A812D99-1630-47FE-8E21-B46C2188F1A6}.Release|x86.Build.0 = Release|Win32
		{0B2F127B-35D4-488F-9589-A379FDFA043C}.Debug|Any CPU.ActiveCfg = Debug|Win32
		{0B2F127B-35D4-488F-9589-A379FDFA043C}.Debug|Mixed Platforms.ActiveCfg = Debug|Win32
		{0B2F127B-35D4-488F-9589-A379FDFA043C}.Debug|Mixed Platforms.Build.0 = Debug|Win32
		{0B2F127B-35D4-488F-9589-A379FDFA043C}.Debug|Win32.ActiveCfg = Debug|Win32
		{0B2F127B-35D4-488F-9589-A379FDFA043C}.Debug|Win32.Build.0 = Debug|Win32
		{0B2F127B-35D4-488F-9589-A379FDFA043C}.Debug|x64.ActiveCfg = Debug|x64
		{0B2F127B-35D4-488F-9589-A379FDFA043C}.Debug|x64.Build.0 = Debug|x64
		{0B2F127B-35D4-488F-9589-A379FDFA043C}.Debug|x86.ActiveCfg = Debug|Win32
		{0B2F127B-35D4-488F-9589-A379FDFA043C}.Debug|x86.Build.0 = Debug|Win32
		{0B2F127B-35D4-488F-9589-A379FDFA043C}.Release|Any CPU.ActiveCfg = Release|Win32
		{0B2F127B-35D4-488F-9589-A379FDFA043C}.Release|Mixed Platforms.ActiveCfg = Release|Win32
		{0B2F127B-35D4-488F-9589-A379FDFA043C}.Release|Mixed Platforms.Build.0 = Release|Win32
		{0B2F127B-35D4-488F-9589-A379FDFA043C}.Release|Win32.ActiveCfg = Release|Win32
		{0B2F127B-35D4-488F-9589-A379FDFA043C}.Release|Win32.Build.0 = Release|Win32
		{0B2F127B-35D4-488F-9589-A379FDFA043C}.Release|x64.ActiveCfg = Release|x64
		{0B2F127B-35D4-488F-9589-A379FDFA043C}.Release|x86.ActiveCfg = Release|Win32
		{0B2F127B-35D4-488F-9589-A379FDFA043C}.Release|x86.Build.0 = Release|Win32
		{105B6A41-C64C-468F-B8EC-A4749F6B9DB1}.Debug|Any CPU.ActiveCfg = Debug|x86
		{105B6A41-C64C-468F-B8EC-A4749F6B9DB1}.Debug|Mixed Platforms.ActiveCfg = Debug|x86
		{105B6A41-C64C-468F-B8EC-A4749F6B9DB1}.Debug|Mixed Platforms.Build.0 = Debug|x86
		{105B6A41-C64C-468F-B8EC-A4749F6B9DB1}.Debug|Win32.ActiveCfg = Debug|x86
		{105B6A41-C64C-468F-B8EC-A4749F6B9DB1}.Debug|x64.ActiveCfg = Debug|x64
		{105B6A41-C64C-468F-B8EC-A4749F6B9DB1}.Debug|x64.Build.0 = Debug|x64
		{105B6A41-C64C-468F-B8EC-A4749F6B9DB1}.Debug|x86.ActiveCfg = Debug|x86
		{105B6A41-C64C-468F-B8EC-A4749F6B9DB1}.Debug|x86.Build.0 = Debug|x86
		{105B6A41-C64C-468F-B8EC-A4749F6B9DB1}.Release|Any CPU.ActiveCfg = Release|x86
		{105B6A41-C64C-468F-B8EC-A4749F6B9DB1}.Release|Mixed Platforms.ActiveCfg = Release|x86
		{105B6A41-C64C-468F-B8EC-A4749F6B9DB1}.Release|Mixed Platforms.Build.0 = Release|x86
		{105B6A41-C64C-468F-B8EC-A4749F6B9DB1}.Release|Win32.ActiveCfg = Release|x86
		{105B6A41-C64C-468F-B8EC-A4749F6B9DB1}.Release|Win32.Build.0 = Release|x86
		{105B6A41-C64C-468F-B8EC-A4749F6B9DB1}.Release|x64.ActiveCfg = Release|x64
		{105B6A41-C64C-468F-B8EC-A4749F6B9DB1}.Release|x64.Build.0 = Release|x64
		{105B6A41-C64C-468F-B8EC-A4749F6B9DB1}.Release|x86.ActiveCfg = Release|x86
		{105B6A41-C64C-468F-B8EC-A4749F6B9DB1}.Release|x86.Build.0 = Release|x86
		{1B2EC599-E79E-4B49-B332-589167963199}.Debug|Any CPU.ActiveCfg = Debug
		{1B2EC599-E79E-4B49-B332-589167963199}.Debug|Mixed Platforms.ActiveCfg = Debug
		{1B2EC599-E79E-4B49-B332-589167963199}.Debug|Win32.ActiveCfg = Debug
		{1B2EC599-E79E-4B49-B332-589167963199}.Debug|x64.ActiveCfg = Debug
		{1B2EC599-E79E-4B49-B332-589167963199}.Debug|x86.ActiveCfg = Debug
		{1B2EC599-E79E-4B49-B332-589167963199}.Release|Any CPU.ActiveCfg = Release
		{1B2EC599-E79E-4B49-B332-589167963199}.Release|Mixed Platforms.ActiveCfg = Release
		{1B2EC599-E79E-4B49-B332-589167963199}.Release|Win32.ActiveCfg = Release
		{1B2EC599-E79E-4B49-B332-589167963199}.Release|x64.ActiveCfg = Release
		{1B2EC599-E79E-4B49-B332-589167963199}.Release|x86.ActiveCfg = Release
		{1B2EC599-E79E-4B49-B332-589167963199}.Release|x86.Build.0 = Release
		{D385ABFF-DE62-4EB8-8A49-40FCF62BEE53}.Debug|Any CPU.ActiveCfg = Debug|Any CPU
		{D385ABFF-DE62-4EB8-8A49-40FCF62BEE53}.Debug|Any CPU.Build.0 = Debug|Any CPU
		{D385ABFF-DE62-4EB8-8A49-40FCF62BEE53}.Debug|Mixed Platforms.ActiveCfg = Debug|Any CPU
		{D385ABFF-DE62-4EB8-8A49-40FCF62BEE53}.Debug|Mixed Platforms.Build.0 = Debug|Any CPU
		{D385ABFF-DE62-4EB8-8A49-40FCF62BEE53}.Debug|Win32.ActiveCfg = Debug|Any CPU
		{D385ABFF-DE62-4EB8-8A49-40FCF62BEE53}.Debug|x64.ActiveCfg = Debug|Any CPU
		{D385ABFF-DE62-4EB8-8A49-40FCF62BEE53}.Debug|x86.ActiveCfg = Debug|Any CPU
		{D385ABFF-DE62-4EB8-8A49-40FCF62BEE53}.Release|Any CPU.ActiveCfg = Release|Any CPU
		{D385ABFF-DE62-4EB8-8A49-40FCF62BEE53}.Release|Any CPU.Build.0 = Release|Any CPU
		{D385ABFF-DE62-4EB8-8A49-40FCF62BEE53}.Release|Mixed Platforms.ActiveCfg = Release|Any CPU
		{D385ABFF-DE62-4EB8-8A49-40FCF62BEE53}.Release|Mixed Platforms.Build.0 = Release|Any CPU
		{D385ABFF-DE62-4EB8-8A49-40FCF62BEE53}.Release|Win32.ActiveCfg = Release|Any CPU
		{D385ABFF-DE62-4EB8-8A49-40FCF62BEE53}.Release|x64.ActiveCfg = Release|x86
		{D385ABFF-DE62-4EB8-8A49-40FCF62BEE53}.Release|x86.ActiveCfg = Release|x86
		{D385ABFF-DE62-4EB8-8A49-40FCF62BEE53}.Release|x86.Build.0 = Release|x86
		{E5746BE0-FF83-4BAC-9942-0D286A1598A9}.Debug|Any CPU.ActiveCfg = Debug
		{E5746BE0-FF83-4BAC-9942-0D286A1598A9}.Debug|Mixed Platforms.ActiveCfg = Debug
		{E5746BE0-FF83-4BAC-9942-0D286A1598A9}.Debug|Win32.ActiveCfg = Debug
		{E5746BE0-FF83-4BAC-9942-0D286A1598A9}.Debug|x64.ActiveCfg = Debug
		{E5746BE0-FF83-4BAC-9942-0D286A1598A9}.Debug|x86.ActiveCfg = Debug
		{E5746BE0-FF83-4BAC-9942-0D286A1598A9}.Release|Any CPU.ActiveCfg = Release
		{E5746BE0-FF83-4BAC-9942-0D286A1598A9}.Release|Mixed Platforms.ActiveCfg = Release
		{E5746BE0-FF83-4BAC-9942-0D286A1598A9}.Release|Win32.ActiveCfg = Release
		{E5746BE0-FF83-4BAC-9942-0D286A1598A9}.Release|x64.ActiveCfg = Release
		{E5746BE0-FF83-4BAC-9942-0D286A1598A9}.Release|x86.ActiveCfg = Release
	EndGlobalSection
	GlobalSection(SolutionProperties) = preSolution
		HideSolutionNode = FALSE
	EndGlobalSection
	GlobalSection(NestedProjects) = preSolution
		{1B2EC599-E79E-4B49-B332-589167963199} = {88F508D3-C235-4B87-BCCB-AEFBFF07705B}
		{D385ABFF-DE62-4EB8-8A49-40FCF62BEE53} = {88F508D3-C235-4B87-BCCB-AEFBFF07705B}
		{E5746BE0-FF83-4BAC-9942-0D286A1598A9} = {88F508D3-C235-4B87-BCCB-AEFBFF07705B}
	EndGlobalSection
EndGlobal
